// !$*UTF8*$!
{
	archiveVersion = 1;
	classes = {
	};
	objectVersion = 46;
	objects = {

/* Begin PBXBuildFile section */
		01893D39132BD0ED0001D90F /* UIKit.framework in Frameworks */ = {isa = PBXBuildFile; fileRef = 01893D38132BD0ED0001D90F /* UIKit.framework */; };
		01893D3B132BD0ED0001D90F /* Foundation.framework in Frameworks */ = {isa = PBXBuildFile; fileRef = 01893D3A132BD0ED0001D90F /* Foundation.framework */; };
		01893D3D132BD0ED0001D90F /* CoreGraphics.framework in Frameworks */ = {isa = PBXBuildFile; fileRef = 01893D3C132BD0ED0001D90F /* CoreGraphics.framework */; };
		01893D43132BD0ED0001D90F /* InfoPlist.strings in Resources */ = {isa = PBXBuildFile; fileRef = 01893D41132BD0ED0001D90F /* InfoPlist.strings */; };
		01893D46132BD0ED0001D90F /* main.m in Sources */ = {isa = PBXBuildFile; fileRef = 01893D45132BD0ED0001D90F /* main.m */; };
		01893D49132BD0ED0001D90F /* CalculatorAppDelegate.m in Sources */ = {isa = PBXBuildFile; fileRef = 01893D48132BD0ED0001D90F /* CalculatorAppDelegate.m */; };
		01893D4C132BD0ED0001D90F /* MainWindow.xib in Resources */ = {isa = PBXBuildFile; fileRef = 01893D4A132BD0ED0001D90F /* MainWindow.xib */; };
		01893D4F132BD0ED0001D90F /* CalculatorViewController.m in Sources */ = {isa = PBXBuildFile; fileRef = 01893D4E132BD0ED0001D90F /* CalculatorViewController.m */; };
		01893D52132BD0ED0001D90F /* CalculatorViewController.xib in Resources */ = {isa = PBXBuildFile; fileRef = 01893D50132BD0ED0001D90F /* CalculatorViewController.xib */; };
		01893D59132BD0ED0001D90F /* UIKit.framework in Frameworks */ = {isa = PBXBuildFile; fileRef = 01893D38132BD0ED0001D90F /* UIKit.framework */; };
		01893D5A132BD0ED0001D90F /* Foundation.framework in Frameworks */ = {isa = PBXBuildFile; fileRef = 01893D3A132BD0ED0001D90F /* Foundation.framework */; };
		01893D5B132BD0ED0001D90F /* CoreGraphics.framework in Frameworks */ = {isa = PBXBuildFile; fileRef = 01893D3C132BD0ED0001D90F /* CoreGraphics.framework */; };
		01893D63132BD0ED0001D90F /* InfoPlist.strings in Resources */ = {isa = PBXBuildFile; fileRef = 01893D61132BD0ED0001D90F /* InfoPlist.strings */; };
		01893D66132BD0ED0001D90F /* CalculatorTests.h in Resources */ = {isa = PBXBuildFile; fileRef = 01893D65132BD0ED0001D90F /* CalculatorTests.h */; };
		01893D68132BD0ED0001D90F /* CalculatorTests.m in Sources */ = {isa = PBXBuildFile; fileRef = 01893D67132BD0ED0001D90F /* CalculatorTests.m */; };
/* End PBXBuildFile section */

/* Begin PBXContainerItemProxy section */
		01893D5C132BD0ED0001D90F /* PBXContainerItemProxy */ = {
			isa = PBXContainerItemProxy;
			containerPortal = 01893D2B132BD0ED0001D90F /* Project object */;
			proxyType = 1;
			remoteGlobalIDString = 01893D33132BD0ED0001D90F;
			remoteInfo = Calculator;
		};
/* End PBXContainerItemProxy section */

/* Begin PBXFileReference section */
		01893D34132BD0ED0001D90F /* Calculator.app */ = {isa = PBXFileReference; explicitFileType = wrapper.application; includeInIndex = 0; path = Calculator.app; sourceTree = BUILT_PRODUCTS_DIR; };
		01893D38132BD0ED0001D90F /* UIKit.framework */ = {isa = PBXFileReference; lastKnownFileType = wrapper.framework; name = UIKit.framework; path = System/Library/Frameworks/UIKit.framework; sourceTree = SDKROOT; };
		01893D3A132BD0ED0001D90F /* Foundation.framework */ = {isa = PBXFileReference; lastKnownFileType = wrapper.framework; name = Foundation.framework; path = System/Library/Frameworks/Foundation.framework; sourceTree = SDKROOT; };
		01893D3C132BD0ED0001D90F /* CoreGraphics.framework */ = {isa = PBXFileReference; lastKnownFileType = wrapper.framework; name = CoreGraphics.framework; path = System/Library/Frameworks/CoreGraphics.framework; sourceTree = SDKROOT; };
		01893D40132BD0ED0001D90F /* Calculator-Info.plist */ = {isa = PBXFileReference; path = "Calculator-Info.plist"; sourceTree = "<group>"; };
		01893D42132BD0ED0001D90F /* en */ = {isa = PBXFileReference; lastKnownFileType = text.plist.strings; name = en; path = en.lproj/InfoPlist.strings; sourceTree = "<group>"; };
		01893D44132BD0ED0001D90F /* Calculator-Prefix.pch */ = {isa = PBXFileReference; path = "Calculator-Prefix.pch"; sourceTree = "<group>"; };
		01893D45132BD0ED0001D90F /* main.m */ = {isa = PBXFileReference; lastKnownFileType = sourcecode.c.objc; path = main.m; sourceTree = "<group>"; };
		01893D47132BD0ED0001D90F /* CalculatorAppDelegate.h */ = {isa = PBXFileReference; path = CalculatorAppDelegate.h; sourceTree = "<group>"; };
		01893D48132BD0ED0001D90F /* CalculatorAppDelegate.m */ = {isa = PBXFileReference; lastKnownFileType = sourcecode.c.objc; path = CalculatorAppDelegate.m; sourceTree = "<group>"; };
		01893D4B132BD0ED0001D90F /* en */ = {isa = PBXFileReference; lastKnownFileType = file.xib; name = en; path = en.lproj/MainWindow.xib; sourceTree = "<group>"; };
		01893D4D132BD0ED0001D90F /* CalculatorViewController.h */ = {isa = PBXFileReference; path = CalculatorViewController.h; sourceTree = "<group>"; };
		01893D4E132BD0ED0001D90F /* CalculatorViewController.m */ = {isa = PBXFileReference; lastKnownFileType = sourcecode.c.objc; path = CalculatorViewController.m; sourceTree = "<group>"; };
		01893D51132BD0ED0001D90F /* en */ = {isa = PBXFileReference; lastKnownFileType = file.xib; name = en; path = en.lproj/CalculatorViewController.xib; sourceTree = "<group>"; };
		01893D58132BD0ED0001D90F /* CalculatorTests.octest */ = {isa = PBXFileReference; explicitFileType = wrapper.cfbundle; includeInIndex = 0; path = CalculatorTests.octest; sourceTree = BUILT_PRODUCTS_DIR; };
		01893D60132BD0ED0001D90F /* CalculatorTests-Info.plist */ = {isa = PBXFileReference; path = "CalculatorTests-Info.plist"; sourceTree = "<group>"; };
		01893D62132BD0ED0001D90F /* en */ = {isa = PBXFileReference; lastKnownFileType = text.plist.strings; name = en; path = en.lproj/InfoPlist.strings; sourceTree = "<group>"; };
		01893D64132BD0ED0001D90F /* CalculatorTests-Prefix.pch */ = {isa = PBXFileReference; path = "CalculatorTests-Prefix.pch"; sourceTree = "<group>"; };
		01893D65132BD0ED0001D90F /* CalculatorTests.h */ = {isa = PBXFileReference; lastKnownFileType = sourcecode.c.h; path = CalculatorTests.h; sourceTree = "<group>"; };
		01893D67132BD0ED0001D90F /* CalculatorTests.m */ = {isa = PBXFileReference; lastKnownFileType = sourcecode.c.objc; path = CalculatorTests.m; sourceTree = "<group>"; };
/* End PBXFileReference section */

/* Begin PBXFrameworksBuildPhase section */
		01893D31132BD0ED0001D90F /* Frameworks */ = {
			isa = PBXFrameworksBuildPhase;
			buildActionMask = 2147483647;
			files = (
				01893D39132BD0ED0001D90F /* UIKit.framework in Frameworks */,
				01893D3B132BD0ED0001D90F /* Foundation.framework in Frameworks */,
				01893D3D132BD0ED0001D90F /* CoreGraphics.framework in Frameworks */,
			);
			runOnlyForDeploymentPostprocessing = 0;
		};
		01893D54132BD0ED0001D90F /* Frameworks */ = {
			isa = PBXFrameworksBuildPhase;
			buildActionMask = 2147483647;
			files = (
				01893D59132BD0ED0001D90F /* UIKit.framework in Frameworks */,
				01893D5A132BD0ED0001D90F /* Foundation.framework in Frameworks */,
				01893D5B132BD0ED0001D90F /* CoreGraphics.framework in Frameworks */,
			);
			runOnlyForDeploymentPostprocessing = 0;
		};
/* End PBXFrameworksBuildPhase section */

/* Begin PBXGroup section */
		01893D29132BD0ED0001D90F = {
			isa = PBXGroup;
			children = (
				01893D3E132BD0ED0001D90F /* Calculator */,
				01893D5E132BD0ED0001D90F /* CalculatorTests */,
				01893D37132BD0ED0001D90F /* Frameworks */,
				01893D35132BD0ED0001D90F /* Products */,
			);
			sourceTree = "<group>";
		};
		01893D35132BD0ED0001D90F /* Products */ = {
			isa = PBXGroup;
			children = (
				01893D34132BD0ED0001D90F /* Calculator.app */,
				01893D58132BD0ED0001D90F /* CalculatorTests.octest */,
			);
			name = Products;
			sourceTree = "<group>";
		};
		01893D37132BD0ED0001D90F /* Frameworks */ = {
			isa = PBXGroup;
			children = (
				01893D38132BD0ED0001D90F /* UIKit.framework */,
				01893D3A132BD0ED0001D90F /* Foundation.framework */,
				01893D3C132BD0ED0001D90F /* CoreGraphics.framework */,
			);
			name = Frameworks;
			sourceTree = "<group>";
		};
		01893D3E132BD0ED0001D90F /* Calculator */ = {
			isa = PBXGroup;
			children = (
				01893D47132BD0ED0001D90F /* CalculatorAppDelegate.h */,
				01893D48132BD0ED0001D90F /* CalculatorAppDelegate.m */,
				01893D4A132BD0ED0001D90F /* MainWindow.xib */,
				01893D4D132BD0ED0001D90F /* CalculatorViewController.h */,
				01893D4E132BD0ED0001D90F /* CalculatorViewController.m */,
				01893D50132BD0ED0001D90F /* CalculatorViewController.xib */,
				01893D3F132BD0ED0001D90F /* Supporting Files */,
			);
			path = Calculator;
			sourceTree = "<group>";
		};
		01893D3F132BD0ED0001D90F /* Supporting Files */ = {
			isa = PBXGroup;
			children = (
				01893D40132BD0ED0001D90F /* Calculator-Info.plist */,
				01893D41132BD0ED0001D90F /* InfoPlist.strings */,
				01893D44132BD0ED0001D90F /* Calculator-Prefix.pch */,
				01893D45132BD0ED0001D90F /* main.m */,
			);
			name = "Supporting Files";
			sourceTree = "<group>";
		};
		01893D5E132BD0ED0001D90F /* CalculatorTests */ = {
			isa = PBXGroup;
			children = (
				01893D65132BD0ED0001D90F /* CalculatorTests.h */,
				01893D67132BD0ED0001D90F /* CalculatorTests.m */,
				01893D5F132BD0ED0001D90F /* Supporting Files */,
			);
			path = CalculatorTests;
			sourceTree = "<group>";
		};
		01893D5F132BD0ED0001D90F /* Supporting Files */ = {
			isa = PBXGroup;
			children = (
				01893D60132BD0ED0001D90F /* CalculatorTests-Info.plist */,
				01893D61132BD0ED0001D90F /* InfoPlist.strings */,
				01893D64132BD0ED0001D90F /* CalculatorTests-Prefix.pch */,
			);
			name = "Supporting Files";
			sourceTree = "<group>";
		};
/* End PBXGroup section */

/* Begin PBXNativeTarget section */
		01893D33132BD0ED0001D90F /* Calculator */ = {
			isa = PBXNativeTarget;
			buildConfigurationList = 01893D6B132BD0ED0001D90F /* Build configuration list for PBXNativeTarget "Calculator" */;
			buildPhases = (
				01893D30132BD0ED0001D90F /* Sources */,
				01893D31132BD0ED0001D90F /* Frameworks */,
				01893D32132BD0ED0001D90F /* Resources */,
			);
			buildRules = (
			);
			dependencies = (
			);
			name = Calculator;
			productName = Calculator;
			productReference = 01893D34132BD0ED0001D90F /* Calculator.app */;
			productType = "com.apple.product-type.application";
		};
		01893D57132BD0ED0001D90F /* CalculatorTests */ = {
			isa = PBXNativeTarget;
			buildConfigurationList = 01893D6E132BD0ED0001D90F /* Build configuration list for PBXNativeTarget "CalculatorTests" */;
			buildPhases = (
				01893D53132BD0ED0001D90F /* Sources */,
				01893D54132BD0ED0001D90F /* Frameworks */,
				01893D55132BD0ED0001D90F /* Resources */,
				01893D56132BD0ED0001D90F /* ShellScript */,
			);
			buildRules = (
			);
			dependencies = (
				01893D5D132BD0ED0001D90F /* PBXTargetDependency */,
			);
			name = CalculatorTests;
			productName = CalculatorTests;
			productReference = 01893D58132BD0ED0001D90F /* CalculatorTests.octest */;
			productType = "com.apple.product-type.bundle";
		};
/* End PBXNativeTarget section */

/* Begin PBXProject section */
		01893D2B132BD0ED0001D90F /* Project object */ = {
			isa = PBXProject;
			buildConfigurationList = 01893D2E132BD0ED0001D90F /* Build configuration list for PBXProject "Calculator" */;
			compatibilityVersion = "Xcode 3.2";
			developmentRegion = English;
			hasScannedForEncodings = 0;
			knownRegions = (
				en,
			);
			mainGroup = 01893D29132BD0ED0001D90F;
			productRefGroup = 01893D35132BD0ED0001D90F /* Products */;
			projectDirPath = "";
			projectRoot = "";
			targets = (
				01893D33132BD0ED0001D90F /* Calculator */,
				01893D57132BD0ED0001D90F /* CalculatorTests */,
			);
		};
/* End PBXProject section */

/* Begin PBXResourcesBuildPhase section */
		01893D32132BD0ED0001D90F /* Resources */ = {
			isa = PBXResourcesBuildPhase;
			buildActionMask = 2147483647;
			files = (
				01893D43132BD0ED0001D90F /* InfoPlist.strings in Resources */,
				01893D4C132BD0ED0001D90F /* MainWindow.xib in Resources */,
				01893D52132BD0ED0001D90F /* CalculatorViewController.xib in Resources */,
			);
			runOnlyForDeploymentPostprocessing = 0;
		};
		01893D55132BD0ED0001D90F /* Resources */ = {
			isa = PBXResourcesBuildPhase;
			buildActionMask = 2147483647;
			files = (
				01893D63132BD0ED0001D90F /* InfoPlist.strings in Resources */,
				01893D66132BD0ED0001D90F /* CalculatorTests.h in Resources */,
			);
			runOnlyForDeploymentPostprocessing = 0;
		};
/* End PBXResourcesBuildPhase section */

/* Begin PBXShellScriptBuildPhase section */
		01893D56132BD0ED0001D90F /* ShellScript */ = {
			isa = PBXShellScriptBuildPhase;
			buildActionMask = 2147483647;
			files = (
			);
			inputPaths = (
			);
			outputPaths = (
			);
			runOnlyForDeploymentPostprocessing = 0;
			shellPath = /bin/sh;
			shellScript = "# Run the unit tests in this test bundle.\n\"${SYSTEM_DEVELOPER_DIR}/Tools/RunUnitTests\"\n";
		};
/* End PBXShellScriptBuildPhase section */

/* Begin PBXSourcesBuildPhase section */
		01893D30132BD0ED0001D90F /* Sources */ = {
			isa = PBXSourcesBuildPhase;
			buildActionMask = 2147483647;
			files = (
				01893D46132BD0ED0001D90F /* main.m in Sources */,
				01893D49132BD0ED0001D90F /* CalculatorAppDelegate.m in Sources */,
				01893D4F132BD0ED0001D90F /* CalculatorViewController.m in Sources */,
			);
			runOnlyForDeploymentPostprocessing = 0;
		};
		01893D53132BD0ED0001D90F /* Sources */ = {
			isa = PBXSourcesBuildPhase;
			buildActionMask = 2147483647;
			files = (
				01893D68132BD0ED0001D90F /* CalculatorTests.m in Sources */,
			);
			runOnlyForDeploymentPostprocessing = 0;
		};
/* End PBXSourcesBuildPhase section */

/* Begin PBXTargetDependency section */
		01893D5D132BD0ED0001D90F /* PBXTargetDependency */ = {
			isa = PBXTargetDependency;
			target = 01893D33132BD0ED0001D90F /* Calculator */;
			targetProxy = 01893D5C132BD0ED0001D90F /* PBXContainerItemProxy */;
		};
/* End PBXTargetDependency section */

/* Begin PBXVariantGroup section */
		01893D41132BD0ED0001D90F /* InfoPlist.strings */ = {
			isa = PBXVariantGroup;
			children = (
				01893D42132BD0ED0001D90F /* en */,
			);
			name = InfoPlist.strings;
			sourceTree = "<group>";
		};
		01893D4A132BD0ED0001D90F /* MainWindow.xib */ = {
			isa = PBXVariantGroup;
			children = (
				01893D4B132BD0ED0001D90F /* en */,
			);
			name = MainWindow.xib;
			sourceTree = "<group>";
		};
		01893D50132BD0ED0001D90F /* CalculatorViewController.xib */ = {
			isa = PBXVariantGroup;
			children = (
				01893D51132BD0ED0001D90F /* en */,
			);
			name = CalculatorViewController.xib;
			sourceTree = "<group>";
		};
		01893D61132BD0ED0001D90F /* InfoPlist.strings */ = {
			isa = PBXVariantGroup;
			children = (
				01893D62132BD0ED0001D90F /* en */,
			);
			name = InfoPlist.strings;
			sourceTree = "<group>";
		};
/* End PBXVariantGroup section */

/* Begin XCBuildConfiguration section */
		01893D69132BD0ED0001D90F /* Debug */ = {
			isa = XCBuildConfiguration;
			buildSettings = {
				ARCHS = "$(ARCHS_STANDARD_32_BIT)";
				"CODE_SIGN_IDENTITY[sdk=iphoneos*]" = "iPhone Developer";
				GCC_C_LANGUAGE_STANDARD = gnu99;
				GCC_OPTIMIZATION_LEVEL = 0;
				GCC_PREPROCESSOR_DEFINITIONS = DEBUG;
				GCC_SYMBOLS_PRIVATE_EXTERN = NO;
				GCC_VERSION = com.apple.compilers.llvmgcc42;
				GCC_WARN_ABOUT_RETURN_TYPE = YES;
				GCC_WARN_UNUSED_VARIABLE = YES;
				IPHONEOS_DEPLOYMENT_TARGET = 4.3;
				SDKROOT = iphoneos;
			};
			name = Debug;
		};
		01893D6A132BD0ED0001D90F /* Release */ = {
			isa = XCBuildConfiguration;
			buildSettings = {
				ARCHS = "$(ARCHS_STANDARD_32_BIT)";
				"CODE_SIGN_IDENTITY[sdk=iphoneos*]" = "iPhone Developer";
				GCC_C_LANGUAGE_STANDARD = gnu99;
				GCC_VERSION = com.apple.compilers.llvmgcc42;
				GCC_WARN_ABOUT_RETURN_TYPE = YES;
				GCC_WARN_UNUSED_VARIABLE = YES;
				IPHONEOS_DEPLOYMENT_TARGET = 4.3;
				OTHER_CFLAGS = "-DNS_BLOCK_ASSERTIONS=1";
				SDKROOT = iphoneos;
			};
			name = Release;
		};
		01893D6C132BD0ED0001D90F /* Debug */ = {
			isa = XCBuildConfiguration;
			buildSettings = {
				ALWAYS_SEARCH_USER_PATHS = NO;
				COPY_PHASE_STRIP = NO;
				GCC_DYNAMIC_NO_PIC = NO;
				GCC_PRECOMPILE_PREFIX_HEADER = YES;
				GCC_PREFIX_HEADER = "Calculator/Calculator-Prefix.pch";
				INFOPLIST_FILE = "Calculator/Calculator-Info.plist";
				PRODUCT_NAME = "$(TARGET_NAME)";
				WRAPPER_EXTENSION = app;
			};
			name = Debug;
		};
		01893D6D132BD0ED0001D90F /* Release */ = {
			isa = XCBuildConfiguration;
			buildSettings = {
				ALWAYS_SEARCH_USER_PATHS = NO;
				COPY_PHASE_STRIP = YES;
				GCC_PRECOMPILE_PREFIX_HEADER = YES;
				GCC_PREFIX_HEADER = "Calculator/Calculator-Prefix.pch";
				INFOPLIST_FILE = "Calculator/Calculator-Info.plist";
				PRODUCT_NAME = "$(TARGET_NAME)";
				VALIDATE_PRODUCT = YES;
				WRAPPER_EXTENSION = app;
			};
			name = Release;
		};
		01893D6F132BD0ED0001D90F /* Debug */ = {
			isa = XCBuildConfiguration;
			buildSettings = {
				ALWAYS_SEARCH_USER_PATHS = NO;
				BUNDLE_LOADER = "$(BUILT_PRODUCTS_DIR)/Calculator.app/Calculator";
				FRAMEWORK_SEARCH_PATHS = (
					"$(SDKROOT)/Developer/Library/Frameworks",
					"$(DEVELOPER_LIBRARY_DIR)/Frameworks",
				);
				GCC_PRECOMPILE_PREFIX_HEADER = YES;
				GCC_PREFIX_HEADER = "CalculatorTests/CalculatorTests-Prefix.pch";
				INFOPLIST_FILE = "CalculatorTests/CalculatorTests-Info.plist";
				OTHER_LDFLAGS = (
					"-framework",
					SenTestingKit,
				);
				PRODUCT_NAME = "$(TARGET_NAME)";
				TEST_HOST = "$(BUNDLE_LOADER)";
				WRAPPER_EXTENSION = octest;
			};
			name = Debug;
		};
		01893D70132BD0ED0001D90F /* Release */ = {
			isa = XCBuildConfiguration;
			buildSettings = {
				ALWAYS_SEARCH_USER_PATHS = NO;
				BUNDLE_LOADER = "$(BUILT_PRODUCTS_DIR)/Calculator.app/Calculator";
				FRAMEWORK_SEARCH_PATHS = (
					"$(SDKROOT)/Developer/Library/Frameworks",
					"$(DEVELOPER_LIBRARY_DIR)/Frameworks",
				);
				GCC_PRECOMPILE_PREFIX_HEADER = YES;
				GCC_PREFIX_HEADER = "CalculatorTests/CalculatorTests-Prefix.pch";
				INFOPLIST_FILE = "CalculatorTests/CalculatorTests-Info.plist";
				OTHER_LDFLAGS = (
					"-framework",
					SenTestingKit,
				);
				PRODUCT_NAME = "$(TARGET_NAME)";
				TEST_HOST = "$(BUNDLE_LOADER)";
				WRAPPER_EXTENSION = octest;
			};
			name = Release;
		};
/* End XCBuildConfiguration section */

/* Begin XCConfigurationList section */
		01893D2E132BD0ED0001D90F /* Build configuration list for PBXProject "Calculator" */ = {
			isa = XCConfigurationList;
			buildConfigurations = (
				01893D69132BD0ED0001D90F /* Debug */,
				01893D6A132BD0ED0001D90F /* Release */,
			);
			defaultConfigurationIsVisible = 0;
			defaultConfigurationName = Release;
		};
		01893D6B132BD0ED0001D90F /* Build configuration list for PBXNativeTarget "Calculator" */ = {
			isa = XCConfigurationList;
			buildConfigurations = (
				01893D6C132BD0ED0001D90F /* Debug */,
				01893D6D132BD0ED0001D90F /* Release */,
			);
			defaultConfigurationIsVisible = 0;
		};
		01893D6E132BD0ED0001D90F /* Build configuration list for PBXNativeTarget "CalculatorTests" */ = {
			isa = XCConfigurationList;
			buildConfigurations = (
				01893D6F132BD0ED0001D90F /* Debug */,
				01893D70132BD0ED0001D90F /* Release */,
			);
			defaultConfigurationIsVisible = 0;
		};
/* End XCConfigurationList section */
	};
	rootObject = 01893D2B132BD0ED0001D90F /* Project object */;
}
